
Microsoft Visual Studio Solution File, Format Version 12.00
# Visual Studio Version 16
VisualStudioVersion = 16.0.30907.101
MinimumVisualStudioVersion = 10.0.40219.1
Project("{9A19103F-16F7-4668-BE54-9A1E7A4F7556}") = "StateMachine", "StateMachine.csproj", "{36C1E50F-D076-42EA-BCB6-30BD18891462}"
EndProject
Project("{9A19103F-16F7-4668-BE54-9A1E7A4F7556}") = "StateMachine.Test", "..\StateMachine.Test\StateMachine.Test.csproj", "{0C583D43-E9B1-4A4A-879B-6C992F0F2AD3}"
EndProject
Project("{FAE04EC0-301F-11D3-BF4B-00C04F79EFBC}") = "StateMachine.Ui", "..\StateMachine.Ui\StateMachine.Ui.csproj", "{C0839224-F8F6-4845-90F4-2B595C3825C4}"
EndProject
Global
	GlobalSection(SolutionConfigurationPlatforms) = preSolution
		Debug|Any CPU = Debug|Any CPU
		Release|Any CPU = Release|Any CPU
	EndGlobalSection
	GlobalSection(ProjectConfigurationPlatforms) = postSolution
		{36C1E50F-D076-42EA-BCB6-30BD18891462}.Debug|Any CPU.ActiveCfg = Debug|Any CPU
		{36C1E50F-D076-42EA-BCB6-30BD18891462}.Debug|Any CPU.Build.0 = Debug|Any CPU
		{36C1E50F-D076-42EA-BCB6-30BD18891462}.Release|Any CPU.ActiveCfg = Release|Any CPU
		{36C1E50F-D076-42EA-BCB6-30BD18891462}.Release|Any CPU.Build.0 = Release|Any CPU
		{0C583D43-E9B1-4A4A-879B-6C992F0F2AD3}.Debug|Any CPU.ActiveCfg = Debug|Any CPU
		{0C583D43-E9B1-4A4A-879B-6C992F0F2AD3}.Debug|Any CPU.Build.0 = Debug|Any CPU
		{0C583D43-E9B1-4A4A-879B-6C992F0F2AD3}.Release|Any CPU.ActiveCfg = Release|Any CPU
		{0C583D43-E9B1-4A4A-879B-6C992F0F2AD3}.Release|Any CPU.Build.0 = Release|Any CPU
		{C0839224-F8F6-4845-90F4-2B595C3825C4}.Debug|Any CPU.ActiveCfg = Debug|Any CPU
		{C0839224-F8F6-4845-90F4-2B595C3825C4}.Debug|Any CPU.Build.0 = Debug|Any CPU
		{C0839224-F8F6-4845-90F4-2B595C3825C4}.Release|Any CPU.ActiveCfg = Release|Any CPU
		{C0839224-F8F6-4845-90F4-2B595C3825C4}.Release|Any CPU.Build.0 = Release|Any CPU
	EndGlobalSection
	GlobalSection(SolutionProperties) = preSolution
		HideSolutionNode = FALSE
	EndGlobalSection
	GlobalSection(ExtensibilityGlobals) = postSolution
		SolutionGuid = {AB80EA53-FB6F-4B18-A653-955B7952408A}
	EndGlobalSection
EndGlobal
